
Microsoft Visual Studio Solution File, Format Version 12.00
# Visual Studio Version 16
VisualStudioVersion = 16.0.30011.22
MinimumVisualStudioVersion = 10.0.40219.1
Project("{FAE04EC0-301F-11D3-BF4B-00C04F79EFBC}") = "JWT.API", "JWT\JWT.API.csproj", "{ED06F722-F140-4A29-B0EF-E2466666B85D}"
EndProject
Project("{2150E333-8FDC-42A3-9474-1A3956D46DE8}") = "04 API", "04 API", "{38F89D9C-339F-4479-9096-55FDACC23A7E}"
EndProject
Project("{2150E333-8FDC-42A3-9474-1A3956D46DE8}") = "00 Enum", "00 Enum", "{DA349074-5BD8-4AD5-8490-6D84C996AB7A}"
EndProject
Project("{2150E333-8FDC-42A3-9474-1A3956D46DE8}") = "01 Model", "01 Model", "{4584D652-34D2-4C19-84F5-EB19747F1E52}"
EndProject
Project("{2150E333-8FDC-42A3-9474-1A3956D46DE8}") = "02 Data", "02 Data", "{8BBAA8F2-EAAF-465F-A24C-34EBD3FCC1CE}"
EndProject
Project("{2150E333-8FDC-42A3-9474-1A3956D46DE8}") = "03 Service", "03 Service", "{0B1DB09E-8825-4215-9045-8774B394907D}"
EndProject
Project("{FAE04EC0-301F-11D3-BF4B-00C04F79EFBC}") = "JWT.Enum", "JWT.Enum\JWT.Enum.csproj", "{C84EABD3-6573-419D-B913-81E5D6391E8E}"
EndProject
Project("{FAE04EC0-301F-11D3-BF4B-00C04F79EFBC}") = "JWT.Model", "JWT.Model\JWT.Model.csproj", "{F8865EFE-0529-4211-BE72-CAF377318F49}"
EndProject
Project("{FAE04EC0-301F-11D3-BF4B-00C04F79EFBC}") = "JWT.Data", "JWT.Data\JWT.Data.csproj", "{C54D5A9F-0EC6-4AA2-B409-C1B3EECF9B5F}"
EndProject
Project("{FAE04EC0-301F-11D3-BF4B-00C04F79EFBC}") = "JWT.Service", "JWT.Service\JWT.Service.csproj", "{B5B9E12B-EDF5-4FE9-8669-DEC32A14C0C3}"
EndProject
Global
	GlobalSection(SolutionConfigurationPlatforms) = preSolution
		Debug|Any CPU = Debug|Any CPU
		Release|Any CPU = Release|Any CPU
	EndGlobalSection
	GlobalSection(ProjectConfigurationPlatforms) = postSolution
		{ED06F722-F140-4A29-B0EF-E2466666B85D}.Debug|Any CPU.ActiveCfg = Debug|Any CPU
		{ED06F722-F140-4A29-B0EF-E2466666B85D}.Debug|Any CPU.Build.0 = Debug|Any CPU
		{ED06F722-F140-4A29-B0EF-E2466666B85D}.Release|Any CPU.ActiveCfg = Release|Any CPU
		{ED06F722-F140-4A29-B0EF-E2466666B85D}.Release|Any CPU.Build.0 = Release|Any CPU
		{C84EABD3-6573-419D-B913-81E5D6391E8E}.Debug|Any CPU.ActiveCfg = Debug|Any CPU
		{C84EABD3-6573-419D-B913-81E5D6391E8E}.Debug|Any CPU.Build.0 = Debug|Any CPU
		{C84EABD3-6573-419D-B913-81E5D6391E8E}.Release|Any CPU.ActiveCfg = Release|Any CPU
		{C84EABD3-6573-419D-B913-81E5D6391E8E}.Release|Any CPU.Build.0 = Release|Any CPU
		{F8865EFE-0529-4211-BE72-CAF377318F49}.Debug|Any CPU.ActiveCfg = Debug|Any CPU
		{F8865EFE-0529-4211-BE72-CAF377318F49}.Debug|Any CPU.Build.0 = Debug|Any CPU
		{F8865EFE-0529-4211-BE72-CAF377318F49}.Release|Any CPU.ActiveCfg = Release|Any CPU
		{F8865EFE-0529-4211-BE72-CAF377318F49}.Release|Any CPU.Build.0 = Release|Any CPU
		{C54D5A9F-0EC6-4AA2-B409-C1B3EECF9B5F}.Debug|Any CPU.ActiveCfg = Debug|Any CPU
		{C54D5A9F-0EC6-4AA2-B409-C1B3EECF9B5F}.Debug|Any CPU.Build.0 = Debug|Any CPU
		{C54D5A9F-0EC6-4AA2-B409-C1B3EECF9B5F}.Release|Any CPU.ActiveCfg = Release|Any CPU
		{C54D5A9F-0EC6-4AA2-B409-C1B3EECF9B5F}.Release|Any CPU.Build.0 = Release|Any CPU
		{B5B9E12B-EDF5-4FE9-8669-DEC32A14C0C3}.Debug|Any CPU.ActiveCfg = Debug|Any CPU
		{B5B9E12B-EDF5-4FE9-8669-DEC32A14C0C3}.Debug|Any CPU.Build.0 = Debug|Any CPU
		{B5B9E12B-EDF5-4FE9-8669-DEC32A14C0C3}.Release|Any CPU.ActiveCfg = Release|Any CPU
		{B5B9E12B-EDF5-4FE9-8669-DEC32A14C0C3}.Release|Any CPU.Build.0 = Release|Any CPU
	EndGlobalSection
	GlobalSection(SolutionProperties) = preSolution
		HideSolutionNode = FALSE
	EndGlobalSection
	GlobalSection(NestedProjects) = preSolution
		{ED06F722-F140-4A29-B0EF-E2466666B85D} = {38F89D9C-339F-4479-9096-55FDACC23A7E}
		{C84EABD3-6573-419D-B913-81E5D6391E8E} = {DA349074-5BD8-4AD5-8490-6D84C996AB7A}
		{F8865EFE-0529-4211-BE72-CAF377318F49} = {4584D652-34D2-4C19-84F5-EB19747F1E52}
		{C54D5A9F-0EC6-4AA2-B409-C1B3EECF9B5F} = {8BBAA8F2-EAAF-465F-A24C-34EBD3FCC1CE}
		{B5B9E12B-EDF5-4FE9-8669-DEC32A14C0C3} = {0B1DB09E-8825-4215-9045-8774B394907D}
	EndGlobalSection
	GlobalSection(ExtensibilityGlobals) = postSolution
		SolutionGuid = {63836904-9CFC-4019-BAC4-D543C930FBB1}
	EndGlobalSection
EndGlobal
